{
  "name": "coreserver",
  "version": "1.0.0",
  "lockfileVersion": 1,
  "requires": true,
  "dependencies": {
    "alawmulaw": {
      "version": "5.0.2",
      "resolved": "https://registry.npmjs.org/alawmulaw/-/alawmulaw-5.0.2.tgz",
      "integrity": "sha512-W3bWBB7MwTNGALlAKbOxe+tMNW9DpqGsv1V1idGPzctnBH++eS+Dx3UuucHNe5nk38WvAuy0sgMAbS5idHCArw=="
    },
    "atem-connection": {
      "version": "2.1.0",
      "resolved": "https://registry.npmjs.org/atem-connection/-/atem-connection-2.1.0.tgz",
      "integrity": "sha512-J7dOaC8/JPF/BpNmIKn5GZ/vv9H83+OJDqI+kQfIkw0emm9HQju7y6ngmMfD6DCKamHmAHq8uSBTNCwymyT+dw==",
      "requires": {
        "big-integer": "^1.6.48",
        "eventemitter3": "^4.0.4",
        "exit-hook": "^2.0.0",
        "nanotimer": "^0.3.15",
        "threadedclass": "^0.8.0",
        "tslib": "^1.13.0",
        "wavefile": "^8.4.4"
      }
    },
    "base64-arraybuffer-es6": {
      "version": "0.3.1",
      "resolved": "https://registry.npmjs.org/base64-arraybuffer-es6/-/base64-arraybuffer-es6-0.3.1.tgz",
      "integrity": "sha512-TrhBheudYaff9adiTAqjSScjvtmClQ4vF9l4cqkPNkVsA11m4/NRdH4LkZ/tAMmpzzwfI20BXnJ/PTtafECCNA=="
    },
    "big-integer": {
      "version": "1.6.48",
      "resolved": "https://registry.npmjs.org/big-integer/-/big-integer-1.6.48.tgz",
      "integrity": "sha512-j51egjPa7/i+RdiRuJbPdJ2FIUYYPhvYLjzoYbcMMm62ooO6F94fETG4MTs46zPAF9Brs04OajboA/qTGuz78w=="
    },
    "bitdepth": {
      "version": "7.0.2",
      "resolved": "https://registry.npmjs.org/bitdepth/-/bitdepth-7.0.2.tgz",
      "integrity": "sha512-Ed11TL4IIWyUEoQTfkbRBDCgDNurxYzFgmk30ZU6SgNCsysoEx7UMm+g7SDFHxA2lhLbWyjV8T1ab3z0BtYOAw=="
    },
    "byte-data": {
      "version": "16.0.3",
      "resolved": "https://registry.npmjs.org/byte-data/-/byte-data-16.0.3.tgz",
      "integrity": "sha512-IzV3mzv8OnnzPdb9CoESQr2ikPX/gkHUesRu+vff9XB7KwMxyflPDewtPFWXPvF+Xukl52ceor2IRLbnQZf3PQ==",
      "requires": {
        "endianness": "^8.0.2",
        "ieee754-buffer": "^0.2.1",
        "twos-complement-buffer": "0.0.1",
        "uint-buffer": "^0.1.0",
        "utf8-buffer": "^0.2.0"
      }
    },
    "callsites": {
      "version": "3.1.0",
      "resolved": "https://registry.npmjs.org/callsites/-/callsites-3.1.0.tgz",
      "integrity": "sha512-P8BjAsXvZS+VIDUI11hHCQEv74YT67YUi5JJFNWIqL235sBmjX4+qx9Muvls5ivyNENctx46xQLQ3aTuE7ssaQ=="
    },
    "casparcg-connection": {
      "version": "5.1.0",
      "resolved": "https://registry.npmjs.org/casparcg-connection/-/casparcg-connection-5.1.0.tgz",
      "integrity": "sha512-efYJG3jO2HPNJ0RUCvwmVlesXSbPfTxSoMuiUoOO86C7H5mTte4O8jGa6it7YShyBr8NTpUfPqiPEb7bKTAW3w==",
      "requires": {
        "highland": "^3.0.0-beta.6",
        "xml2js": "^0.4.19",
        "xmlbuilder": "^9.0.7"
      }
    },
    "endianness": {
      "version": "8.0.2",
      "resolved": "https://registry.npmjs.org/endianness/-/endianness-8.0.2.tgz",
      "integrity": "sha512-IU+77+jJ7lpw2qZ3NUuqBZFy3GuioNgXUdsL1L9tooDNTaw0TgOnwNuc+8Ns+haDaTifK97QLzmOANJtI/rGvw=="
    },
    "eventemitter3": {
      "version": "4.0.7",
      "resolved": "https://registry.npmjs.org/eventemitter3/-/eventemitter3-4.0.7.tgz",
      "integrity": "sha512-8guHBZCwKnFhYdHr2ysuRWErTwhoN2X8XELRlrRwpmfeY2jjuUN4taQMsULKUVo1K4DvZl+0pgfyoysHxvmvEw=="
    },
    "exit-hook": {
      "version": "2.2.0",
      "resolved": "https://registry.npmjs.org/exit-hook/-/exit-hook-2.2.0.tgz",
      "integrity": "sha512-YFH+2oGdldRH5GqGpnaiKbBxWHMmuXHmKTMtUC58kWSOrnTf95rKITVSFTTtas14DWvWpih429+ffAvFetPwNA=="
    },
    "highland": {
      "version": "3.0.0-beta.10",
      "resolved": "https://registry.npmjs.org/highland/-/highland-3.0.0-beta.10.tgz",
      "integrity": "sha512-fBxAarP4g0AFWRKd+SJBWsKmkyw1WZdQZ1jjFSAVrxLXIhEo5NnEBy+rDEM695Z/i4/tP2lMYW6iuotStDFHYw=="
    },
    "ieee754-buffer": {
      "version": "0.2.1",
      "resolved": "https://registry.npmjs.org/ieee754-buffer/-/ieee754-buffer-0.2.1.tgz",
      "integrity": "sha512-dDlJhYk8BAmH1HDncTjCt6xOm2+kT+MxGhRKB+mUoF8nocDzPAgZPEWTRI9QgkGvbDkbJgCqyxweGlIV0yhbUQ=="
    },
    "imaadpcm": {
      "version": "4.1.2",
      "resolved": "https://registry.npmjs.org/imaadpcm/-/imaadpcm-4.1.2.tgz",
      "integrity": "sha512-7gwxe6lKCGitmkMtGbm1ecnt0Q59KcWwo7AVi2RAd3lQ9VghVN5zX5x3oK6xNhfD9KUMbaYzku43UBn3Ix3RIA=="
    },
    "is-running": {
      "version": "2.1.0",
      "resolved": "https://registry.npmjs.org/is-running/-/is-running-2.1.0.tgz",
      "integrity": "sha1-MKc/9cw4VOT8JUkICen1q/jeCeA="
    },
    "nanotimer": {
      "version": "0.3.15",
      "resolved": "https://registry.npmjs.org/nanotimer/-/nanotimer-0.3.15.tgz",
      "integrity": "sha1-KA0nfbkUbspvilcLVyq68qmsx1Q="
    },
    "sax": {
      "version": "1.2.4",
      "resolved": "https://registry.npmjs.org/sax/-/sax-1.2.4.tgz",
      "integrity": "sha512-NqVDv9TpANUjFm0N8uM5GxL36UgKi9/atZw+x7YFnQ8ckwFGKrl4xX4yWtrey3UJm5nP1kUbnYgLopqWNSRhWw=="
    },
    "threadedclass": {
      "version": "0.8.2",
      "resolved": "https://registry.npmjs.org/threadedclass/-/threadedclass-0.8.2.tgz",
      "integrity": "sha512-IrUygxK3Vl4PsZLNJ/qiJQqWWpXNGM9V+7iKFa86+mI9aY7QfM6t+s2HIe2vy+l7f8e7LVFF7f/wenIOpj3KwQ==",
      "requires": {
        "callsites": "^3.1.0",
        "eventemitter3": "^4.0.4",
        "is-running": "^2.1.0",
        "tslib": "^1.13.0"
      }
    },
    "tslib": {
      "version": "1.14.1",
      "resolved": "https://registry.npmjs.org/tslib/-/tslib-1.14.1.tgz",
      "integrity": "sha512-Xni35NKzjgMrwevysHTCArtLDpPvye8zV/0E4EyYn43P7/7qvQwPh9BGkHewbMulVntbigmcT7rdX3BNo9wRJg=="
    },
    "twos-complement-buffer": {
      "version": "0.0.1",
      "resolved": "https://registry.npmjs.org/twos-complement-buffer/-/twos-complement-buffer-0.0.1.tgz",
      "integrity": "sha512-Ev3p2GfB2GO8pcyb7jIvctS9RAjSZrF/K+u5s3KN00ajY11Dda2oMqI72nXaHVU7doGYNXc0mJG6exWAbmzZiA==",
      "requires": {
        "uint-buffer": "^0.1.0"
      }
    },
    "uint-buffer": {
      "version": "0.1.0",
      "resolved": "https://registry.npmjs.org/uint-buffer/-/uint-buffer-0.1.0.tgz",
      "integrity": "sha512-7xjpjCTijFIXAMxN7OMRfykpCMVfbCrlAmAt2RIlihvkHgvkNV5DBFzyc8OpIQeVpRXJkgXBwmKos4hD8DrX1g=="
    },
    "utf8-buffer": {
      "version": "0.2.0",
      "resolved": "https://registry.npmjs.org/utf8-buffer/-/utf8-buffer-0.2.0.tgz",
      "integrity": "sha512-DygDeOmOPQRjxnnv8LdfjoSQgG9EgJFH1m/1QcrKkDOxzoOcLLqZ2ONzRYHmiRqJYQYnAvV+zv2Wgk5tXjr4aA=="
    },
    "wavefile": {
      "version": "8.4.6",
      "resolved": "https://registry.npmjs.org/wavefile/-/wavefile-8.4.6.tgz",
      "integrity": "sha512-mKvPtkXTFE3U8Uo8qJr/hCJP3booCI09vsoWY3OHrdKB+8ZefO/5/wSRZSbPSgFDB+WWn3Am3c01h/sguTYuyA==",
      "requires": {
        "alawmulaw": "^5.0.2",
        "base64-arraybuffer-es6": "^0.3.1",
        "bitdepth": "^7.0.2",
        "byte-data": "^16.0.3",
        "imaadpcm": "^4.1.2"
      }
    },
    "ws": {
      "version": "7.4.0",
      "resolved": "https://registry.npmjs.org/ws/-/ws-7.4.0.tgz",
      "integrity": "sha512-kyFwXuV/5ymf+IXhS6f0+eAFvydbaBW3zjpT6hUdAh/hbVjTIB5EHBGi0bPoCLSK2wcuz3BrEkB9LrYv1Nm4NQ=="
    },
    "xml2js": {
      "version": "0.4.23",
      "resolved": "https://registry.npmjs.org/xml2js/-/xml2js-0.4.23.tgz",
      "integrity": "sha512-ySPiMjM0+pLDftHgXY4By0uswI3SPKLDw/i3UXbnO8M/p28zqexCUoPmQFrYD+/1BzhGJSs2i1ERWKJAtiLrug==",
      "requires": {
        "sax": ">=0.6.0",
        "xmlbuilder": "~11.0.0"
      },
      "dependencies": {
        "xmlbuilder": {
          "version": "11.0.1",
          "resolved": "https://registry.npmjs.org/xmlbuilder/-/xmlbuilder-11.0.1.tgz",
          "integrity": "sha512-fDlsI/kFEx7gLvbecc0/ohLG50fugQp8ryHzMTuW9vSa1GJ0XYWKnhsUx7oie3G98+r56aTQIUB4kht42R3JvA=="
        }
      }
    },
    "xmlbuilder": {
      "version": "9.0.7",
      "resolved": "https://registry.npmjs.org/xmlbuilder/-/xmlbuilder-9.0.7.tgz",
      "integrity": "sha1-Ey7mPS7FVlxVfiD0wi35rKaGsQ0="
    }
  }
}
